// !$*UTF8*$!
{
	archiveVersion = 1;
	classes = {
	};
	objectVersion = 51;
	objects = {

/* Begin PBXBuildFile section */
		457440A523BDD522006F59D0 /* AppDelegate.m in Sources */ = {isa = PBXBuildFile; fileRef = 457440A423BDD522006F59D0 /* AppDelegate.m */; };
		457440AB23BDD522006F59D0 /* ViewController.m in Sources */ = {isa = PBXBuildFile; fileRef = 457440AA23BDD522006F59D0 /* ViewController.m */; };
		457440B023BDD526006F59D0 /* Assets.xcassets in Resources */ = {isa = PBXBuildFile; fileRef = 457440AF23BDD526006F59D0 /* Assets.xcassets */; };
		457440B323BDD526006F59D0 /* LaunchScreen.storyboard in Resources */ = {isa = PBXBuildFile; fileRef = 457440B123BDD526006F59D0 /* LaunchScreen.storyboard */; };
		457440B623BDD526006F59D0 /* main.m in Sources */ = {isa = PBXBuildFile; fileRef = 457440B523BDD526006F59D0 /* main.m */; };
		45FE1B5023BF4B1B009BDFB7 /* BaseFlutterViewController.m in Sources */ = {isa = PBXBuildFile; fileRef = 45FE1B4F23BF4B1B009BDFB7 /* BaseFlutterViewController.m */; };
		C091AE5FFDF380B89A275A8B /* libPods-FlutterMixDemo.a in Frameworks */ = {isa = PBXBuildFile; fileRef = 1A703A6913C5931FA4E0D4FB /* libPods-FlutterMixDemo.a */; };
/* End PBXBuildFile section */

/* Begin PBXFileReference section */
		1A703A6913C5931FA4E0D4FB /* libPods-FlutterMixDemo.a */ = {isa = PBXFileReference; explicitFileType = archive.ar; includeInIndex = 0; path = "libPods-FlutterMixDemo.a"; sourceTree = BUILT_PRODUCTS_DIR; };
		457440A023BDD522006F59D0 /* FlutterMixDemo.app */ = {isa = PBXFileReference; explicitFileType = wrapper.application; includeInIndex = 0; path = FlutterMixDemo.app; sourceTree = BUILT_PRODUCTS_DIR; };
		457440A323BDD522006F59D0 /* AppDelegate.h */ = {isa = PBXFileReference; lastKnownFileType = sourcecode.c.h; path = AppDelegate.h; sourceTree = "<group>"; };
		457440A423BDD522006F59D0 /* AppDelegate.m */ = {isa = PBXFileReference; lastKnownFileType = sourcecode.c.objc; path = AppDelegate.m; sourceTree = "<group>"; };
		457440A923BDD522006F59D0 /* ViewController.h */ = {isa = PBXFileReference; lastKnownFileType = sourcecode.c.h; path = ViewController.h; sourceTree = "<group>"; };
		457440AA23BDD522006F59D0 /* ViewController.m */ = {isa = PBXFileReference; lastKnownFileType = sourcecode.c.objc; path = ViewController.m; sourceTree = "<group>"; };
		457440AF23BDD526006F59D0 /* Assets.xcassets */ = {isa = PBXFileReference; lastKnownFileType = folder.assetcatalog; path = Assets.xcassets; sourceTree = "<group>"; };
		457440B223BDD526006F59D0 /* Base */ = {isa = PBXFileReference; lastKnownFileType = file.storyboard; name = Base; path = Base.lproj/LaunchScreen.storyboard; sourceTree = "<group>"; };
		457440B423BDD526006F59D0 /* Info.plist */ = {isa = PBXFileReference; lastKnownFileType = text.plist.xml; path = Info.plist; sourceTree = "<group>"; };
		457440B523BDD526006F59D0 /* main.m */ = {isa = PBXFileReference; lastKnownFileType = sourcecode.c.objc; path = main.m; sourceTree = "<group>"; };
		45FE1B4E23BF4B1B009BDFB7 /* BaseFlutterViewController.h */ = {isa = PBXFileReference; lastKnownFileType = sourcecode.c.h; path = BaseFlutterViewController.h; sourceTree = "<group>"; };
		45FE1B4F23BF4B1B009BDFB7 /* BaseFlutterViewController.m */ = {isa = PBXFileReference; lastKnownFileType = sourcecode.c.objc; path = BaseFlutterViewController.m; sourceTree = "<group>"; };
		91FBBE77DF151BA5FFB3D729 /* Pods-FlutterMixDemo.release.xcconfig */ = {isa = PBXFileReference; includeInIndex = 1; lastKnownFileType = text.xcconfig; name = "Pods-FlutterMixDemo.release.xcconfig"; path = "Target Support Files/Pods-FlutterMixDemo/Pods-FlutterMixDemo.release.xcconfig"; sourceTree = "<group>"; };
		F1071D5A9EE31136F2B8B6F8 /* Pods-FlutterMixDemo.debug.xcconfig */ = {isa = PBXFileReference; includeInIndex = 1; lastKnownFileType = text.xcconfig; name = "Pods-FlutterMixDemo.debug.xcconfig"; path = "Target Support Files/Pods-FlutterMixDemo/Pods-FlutterMixDemo.debug.xcconfig"; sourceTree = "<group>"; };
/* End PBXFileReference section */

/* Begin PBXFrameworksBuildPhase section */
		4574409D23BDD522006F59D0 /* Frameworks */ = {
			isa = PBXFrameworksBuildPhase;
			buildActionMask = 2147483647;
			files = (
				C091AE5FFDF380B89A275A8B /* libPods-FlutterMixDemo.a in Frameworks */,
			);
			runOnlyForDeploymentPostprocessing = 0;
		};
/* End PBXFrameworksBuildPhase section */

/* Begin PBXGroup section */
		4574409723BDD522006F59D0 = {
			isa = PBXGroup;
			children = (
				457440A223BDD522006F59D0 /* FlutterMixDemo */,
				457440A123BDD522006F59D0 /* Products */,
				855A64B55AA9807913CBAD28 /* Pods */,
				AC9DF8BEFF4DE8ACB056A3EA /* Frameworks */,
			);
			sourceTree = "<group>";
		};
		457440A123BDD522006F59D0 /* Products */ = {
			isa = PBXGroup;
			children = (
				457440A023BDD522006F59D0 /* FlutterMixDemo.app */,
			);
			name = Products;
			sourceTree = "<group>";
		};
		457440A223BDD522006F59D0 /* FlutterMixDemo */ = {
			isa = PBXGroup;
			children = (
				457440A323BDD522006F59D0 /* AppDelegate.h */,
				457440A423BDD522006F59D0 /* AppDelegate.m */,
				457440A923BDD522006F59D0 /* ViewController.h */,
				457440AA23BDD522006F59D0 /* ViewController.m */,
				457440AF23BDD526006F59D0 /* Assets.xcassets */,
				457440B123BDD526006F59D0 /* LaunchScreen.storyboard */,
				457440B423BDD526006F59D0 /* Info.plist */,
				457440B523BDD526006F59D0 /* main.m */,
				45FE1B4E23BF4B1B009BDFB7 /* BaseFlutterViewController.h */,
				45FE1B4F23BF4B1B009BDFB7 /* BaseFlutterViewController.m */,
			);
			path = FlutterMixDemo;
			sourceTree = "<group>";
		};
		855A64B55AA9807913CBAD28 /* Pods */ = {
			isa = PBXGroup;
			children = (
				F1071D5A9EE31136F2B8B6F8 /* Pods-FlutterMixDemo.debug.xcconfig */,
				91FBBE77DF151BA5FFB3D729 /* Pods-FlutterMixDemo.release.xcconfig */,
			);
			path = Pods;
			sourceTree = "<group>";
		};
		AC9DF8BEFF4DE8ACB056A3EA /* Frameworks */ = {
			isa = PBXGroup;
			children = (
				1A703A6913C5931FA4E0D4FB /* libPods-FlutterMixDemo.a */,
			);
			name = Frameworks;
			sourceTree = "<group>";
		};
/* End PBXGroup section */

/* Begin PBXNativeTarget section */
		4574409F23BDD522006F59D0 /* FlutterMixDemo */ = {
			isa = PBXNativeTarget;
			buildConfigurationList = 457440B923BDD526006F59D0 /* Build configuration list for PBXNativeTarget "FlutterMixDemo" */;
			buildPhases = (
				EDADEED1FE2FC6529D724CBA /* [CP] Check Pods Manifest.lock */,
				54A0D7E82943691F8EB28D50 /* [CP-User] Run Flutter Build Script */,
				4574409C23BDD522006F59D0 /* Sources */,
				4574409D23BDD522006F59D0 /* Frameworks */,
				4574409E23BDD522006F59D0 /* Resources */,
				A0113FA66EC89E2372B62DAE /* [CP] Embed Pods Frameworks */,
			);
			buildRules = (
			);
			dependencies = (
			);
			name = FlutterMixDemo;
			productName = FlutterMixDemo;
			productReference = 457440A023BDD522006F59D0 /* FlutterMixDemo.app */;
			productType = "com.apple.product-type.application";
		};
/* End PBXNativeTarget section */

/* Begin PBXProject section */
		4574409823BDD522006F59D0 /* Project object */ = {
			isa = PBXProject;
			attributes = {
				LastUpgradeCheck = 1130;
				ORGANIZATIONNAME = junshao;
				TargetAttributes = {
					4574409F23BDD522006F59D0 = {
						CreatedOnToolsVersion = 11.3;
					};
				};
			};
			buildConfigurationList = 4574409B23BDD522006F59D0 /* Build configuration list for PBXProject "FlutterMixDemo" */;
			compatibilityVersion = "Xcode 9.3";
			developmentRegion = en;
			hasScannedForEncodings = 0;
			knownRegions = (
				en,
				Base,
			);
			mainGroup = 4574409723BDD522006F59D0;
			productRefGroup = 457440A123BDD522006F59D0 /* Products */;
			projectDirPath = "";
			projectRoot = "";
			targets = (
				4574409F23BDD522006F59D0 /* FlutterMixDemo */,
			);
		};
/* End PBXProject section */

/* Begin PBXResourcesBuildPhase section */
		4574409E23BDD522006F59D0 /* Resources */ = {
			isa = PBXResourcesBuildPhase;
			buildActionMask = 2147483647;
			files = (
				457440B323BDD526006F59D0 /* LaunchScreen.storyboard in Resources */,
				457440B023BDD526006F59D0 /* Assets.xcassets in Resources */,
			);
			runOnlyForDeploymentPostprocessing = 0;
		};
/* End PBXResourcesBuildPhase section */

/* Begin PBXShellScriptBuildPhase section */
		54A0D7E82943691F8EB28D50 /* [CP-User] Run Flutter Build Script */ = {
			isa = PBXShellScriptBuildPhase;
			buildActionMask = 2147483647;
			files = (
			);
			inputPaths = (
				"${SRCROOT}/../../Flutter/flutter_demo/.metadata",
				"${SRCROOT}/../../Flutter/flutter_demo/.ios/Flutter/App.framework/App",
				"${SRCROOT}/../../Flutter/flutter_demo/.ios/Flutter/engine/Flutter.framework/Flutter",
				"${SRCROOT}/../../Flutter/flutter_demo/.ios/Flutter/flutter_export_environment.sh",
			);
			name = "[CP-User] Run Flutter Build Script";
			runOnlyForDeploymentPostprocessing = 0;
			shellPath = /bin/sh;
			shellScript = "set -e\nset -u\nsource \"${SRCROOT}/../../Flutter/flutter_demo/.ios/Flutter/flutter_export_environment.sh\"\n\"$FLUTTER_ROOT\"/packages/flutter_tools/bin/xcode_backend.sh build";
		};
		A0113FA66EC89E2372B62DAE /* [CP] Embed Pods Frameworks */ = {
			isa = PBXShellScriptBuildPhase;
			buildActionMask = 2147483647;
			files = (
			);
			inputFileListPaths = (
				"${PODS_ROOT}/Target Support Files/Pods-FlutterMixDemo/Pods-FlutterMixDemo-frameworks-${CONFIGURATION}-input-files.xcfilelist",
			);
			name = "[CP] Embed Pods Frameworks";
			outputFileListPaths = (
				"${PODS_ROOT}/Target Support Files/Pods-FlutterMixDemo/Pods-FlutterMixDemo-frameworks-${CONFIGURATION}-output-files.xcfilelist",
			);
			runOnlyForDeploymentPostprocessing = 0;
			shellPath = /bin/sh;
			shellScript = "\"${PODS_ROOT}/Target Support Files/Pods-FlutterMixDemo/Pods-FlutterMixDemo-frameworks.sh\"\n";
			showEnvVarsInLog = 0;
		};
		EDADEED1FE2FC6529D724CBA /* [CP] Check Pods Manifest.lock */ = {
			isa = PBXShellScriptBuildPhase;
			buildActionMask = 2147483647;
			files = (
			);
			inputFileListPaths = (
			);
			inputPaths = (
				"${PODS_PODFILE_DIR_PATH}/Podfile.lock",
				"${PODS_ROOT}/Manifest.lock",
			);
			name = "[CP] Check Pods Manifest.lock";
			outputFileListPaths = (
			);
			outputPaths = (
				"$(DERIVED_FILE_DIR)/Pods-FlutterMixDemo-checkManifestLockResult.txt",
			);
			runOnlyForDeploymentPostprocessing = 0;
			shellPath = /bin/sh;
			shellScript = "diff \"${PODS_PODFILE_DIR_PATH}/Podfile.lock\" \"${PODS_ROOT}/Manifest.lock\" > /dev/null\nif [ $? != 0 ] ; then\n    # print error to STDERR\n    echo \"error: The sandbox is not in sync with the Podfile.lock. Run 'pod install' or update your CocoaPods installation.\" >&2\n    exit 1\nfi\n# This output is used by Xcode 'outputs' to avoid re-running this script phase.\necho \"SUCCESS\" > \"${SCRIPT_OUTPUT_FILE_0}\"\n";
			showEnvVarsInLog = 0;
		};
/* End PBXShellScriptBuildPhase section */

/* Begin PBXSourcesBuildPhase section */
		4574409C23BDD522006F59D0 /* Sources */ = {
			isa = PBXSourcesBuildPhase;
			buildActionMask = 2147483647;
			files = (
				457440AB23BDD522006F59D0 /* ViewController.m in Sources */,
				457440A523BDD522006F59D0 /* AppDelegate.m in Sources */,
				457440B623BDD526006F59D0 /* main.m in Sources */,
				45FE1B5023BF4B1B009BDFB7 /* BaseFlutterViewController.m in Sources */,
			);
			runOnlyForDeploymentPostprocessing = 0;
		};
/* End PBXSourcesBuildPhase section */

/* Begin PBXVariantGroup section */
		457440B123BDD526006F59D0 /* LaunchScreen.storyboard */ = {
			isa = PBXVariantGroup;
			children = (
				457440B223BDD526006F59D0 /* Base */,
			);
			name = LaunchScreen.storyboard;
			sourceTree = "<group>";
		};
/* End PBXVariantGroup section */

/* Begin XCBuildConfiguration section */
		457440B723BDD526006F59D0 /* Debug */ = {
			isa = XCBuildConfiguration;
			buildSettings = {
				ALWAYS_SEARCH_USER_PATHS = NO;
				CLANG_ANALYZER_NONNULL = YES;
				CLANG_ANALYZER_NUMBER_OBJECT_CONVERSION = YES_AGGRESSIVE;
				CLANG_CXX_LANGUAGE_STANDARD = "gnu++14";
				CLANG_CXX_LIBRARY = "libc++";
				CLANG_ENABLE_MODULES = YES;
				CLANG_ENABLE_OBJC_ARC = YES;
				CLANG_ENABLE_OBJC_WEAK = YES;
				CLANG_WARN_BLOCK_CAPTURE_AUTORELEASING = YES;
				CLANG_WARN_BOOL_CONVERSION = YES;
				CLANG_WARN_COMMA = YES;
				CLANG_WARN_CONSTANT_CONVERSION = YES;
				CLANG_WARN_DEPRECATED_OBJC_IMPLEMENTATIONS = YES;
				CLANG_WARN_DIRECT_OBJC_ISA_USAGE = YES_ERROR;
				CLANG_WARN_DOCUMENTATION_COMMENTS = YES;
				CLANG_WARN_EMPTY_BODY = YES;
				CLANG_WARN_ENUM_CONVERSION = YES;
				CLANG_WARN_INFINITE_RECURSION = YES;
				CLANG_WARN_INT_CONVERSION = YES;
				CLANG_WARN_NON_LITERAL_NULL_CONVERSION = YES;
				CLANG_WARN_OBJC_IMPLICIT_RETAIN_SELF = YES;
				CLANG_WARN_OBJC_LITERAL_CONVERSION = YES;
				CLANG_WARN_OBJC_ROOT_CLASS = YES_ERROR;
				CLANG_WARN_RANGE_LOOP_ANALYSIS = YES;
				CLANG_WARN_STRICT_PROTOTYPES = YES;
				CLANG_WARN_SUSPICIOUS_MOVE = YES;
				CLANG_WARN_UNGUARDED_AVAILABILITY = YES_AGGRESSIVE;
				CLANG_WARN_UNREACHABLE_CODE = YES;
				CLANG_WARN__DUPLICATE_METHOD_MATCH = YES;
				COPY_PHASE_STRIP = NO;
				DEBUG_INFORMATION_FORMAT = dwarf;
				ENABLE_STRICT_OBJC_MSGSEND = YES;
				ENABLE_TESTABILITY = YES;
				GCC_C_LANGUAGE_STANDARD = gnu11;
				GCC_DYNAMIC_NO_PIC = NO;
				GCC_NO_COMMON_BLOCKS = YES;
				GCC_OPTIMIZATION_LEVEL = 0;
				GCC_PREPROCESSOR_DEFINITIONS = (
					"DEBUG=1",
					"$(inherited)",
				);
				GCC_WARN_64_TO_32_BIT_CONVERSION = YES;
				GCC_WARN_ABOUT_RETURN_TYPE = YES_ERROR;
				GCC_WARN_UNDECLARED_SELECTOR = YES;
				GCC_WARN_UNINITIALIZED_AUTOS = YES_AGGRESSIVE;
				GCC_WARN_UNUSED_FUNCTION = YES;
				GCC_WARN_UNUSED_VARIABLE = YES;
				IPHONEOS_DEPLOYMENT_TARGET = 13.2;
				MTL_ENABLE_DEBUG_INFO = INCLUDE_SOURCE;
				MTL_FAST_MATH = YES;
				ONLY_ACTIVE_ARCH = YES;
				SDKROOT = iphoneos;
			};
			name = Debug;
		};
		457440B823BDD526006F59D0 /* Release */ = {
			isa = XCBuildConfiguration;
			buildSettings = {
				ALWAYS_SEARCH_USER_PATHS = NO;
				CLANG_ANALYZER_NONNULL = YES;
				CLANG_ANALYZER_NUMBER_OBJECT_CONVERSION = YES_AGGRESSIVE;
				CLANG_CXX_LANGUAGE_STANDARD = "gnu++14";
				CLANG_CXX_LIBRARY = "libc++";
				CLANG_ENABLE_MODULES = YES;
				CLANG_ENABLE_OBJC_ARC = YES;
				CLANG_ENABLE_OBJC_WEAK = YES;
				CLANG_WARN_BLOCK_CAPTURE_AUTORELEASING = YES;
				CLANG_WARN_BOOL_CONVERSION = YES;
				CLANG_WARN_COMMA = YES;
				CLANG_WARN_CONSTANT_CONVERSION = YES;
				CLANG_WARN_DEPRECATED_OBJC_IMPLEMENTATIONS = YES;
				CLANG_WARN_DIRECT_OBJC_ISA_USAGE = YES_ERROR;
				CLANG_WARN_DOCUMENTATION_COMMENTS = YES;
				CLANG_WARN_EMPTY_BODY = YES;
				CLANG_WARN_ENUM_CONVERSION = YES;
				CLANG_WARN_INFINITE_RECURSION = YES;
				CLANG_WARN_INT_CONVERSION = YES;
				CLANG_WARN_NON_LITERAL_NULL_CONVERSION = YES;
				CLANG_WARN_OBJC_IMPLICIT_RETAIN_SELF = YES;
				CLANG_WARN_OBJC_LITERAL_CONVERSION = YES;
				CLANG_WARN_OBJC_ROOT_CLASS = YES_ERROR;
				CLANG_WARN_RANGE_LOOP_ANALYSIS = YES;
				CLANG_WARN_STRICT_PROTOTYPES = YES;
				CLANG_WARN_SUSPICIOUS_MOVE = YES;
				CLANG_WARN_UNGUARDED_AVAILABILITY = YES_AGGRESSIVE;
				CLANG_WARN_UNREACHABLE_CODE = YES;
				CLANG_WARN__DUPLICATE_METHOD_MATCH = YES;
				COPY_PHASE_STRIP = NO;
				DEBUG_INFORMATION_FORMAT = "dwarf-with-dsym";
				ENABLE_NS_ASSERTIONS = NO;
				ENABLE_STRICT_OBJC_MSGSEND = YES;
				GCC_C_LANGUAGE_STANDARD = gnu11;
				GCC_NO_COMMON_BLOCKS = YES;
				GCC_WARN_64_TO_32_BIT_CONVERSION = YES;
				GCC_WARN_ABOUT_RETURN_TYPE = YES_ERROR;
				GCC_WARN_UNDECLARED_SELECTOR = YES;
				GCC_WARN_UNINITIALIZED_AUTOS = YES_AGGRESSIVE;
				GCC_WARN_UNUSED_FUNCTION = YES;
				GCC_WARN_UNUSED_VARIABLE = YES;
				IPHONEOS_DEPLOYMENT_TARGET = 13.2;
				MTL_ENABLE_DEBUG_INFO = NO;
				MTL_FAST_MATH = YES;
				SDKROOT = iphoneos;
				VALIDATE_PRODUCT = YES;
			};
			name = Release;
		};
		457440BA23BDD526006F59D0 /* Debug */ = {
			isa = XCBuildConfiguration;
			baseConfigurationReference = F1071D5A9EE31136F2B8B6F8 /* Pods-FlutterMixDemo.debug.xcconfig */;
			buildSettings = {
				ASSETCATALOG_COMPILER_APPICON_NAME = AppIcon;
				CODE_SIGN_STYLE = Automatic;
				DEVELOPMENT_TEAM = NJ84XW37VD;
				INFOPLIST_FILE = FlutterMixDemo/Info.plist;
				LD_RUNPATH_SEARCH_PATHS = (
					"$(inherited)",
					"@executable_path/Frameworks",
				);
				PRODUCT_BUNDLE_IDENTIFIER = com.junshao.fluttermix.FlutterMixDemo;
				PRODUCT_NAME = "$(TARGET_NAME)";
				TARGETED_DEVICE_FAMILY = "1,2";
			};
			name = Debug;
		};
		457440BB23BDD526006F59D0 /* Release */ = {
			isa = XCBuildConfiguration;
			baseConfigurationReference = 91FBBE77DF151BA5FFB3D729 /* Pods-FlutterMixDemo.release.xcconfig */;
			buildSettings = {
				ASSETCATALOG_COMPILER_APPICON_NAME = AppIcon;
				CODE_SIGN_STYLE = Automatic;
				DEVELOPMENT_TEAM = NJ84XW37VD;
				INFOPLIST_FILE = FlutterMixDemo/Info.plist;
				LD_RUNPATH_SEARCH_PATHS = (
					"$(inherited)",
					"@executable_path/Frameworks",
				);
				PRODUCT_BUNDLE_IDENTIFIER = com.junshao.fluttermix.FlutterMixDemo;
				PRODUCT_NAME = "$(TARGET_NAME)";
				TARGETED_DEVICE_FAMILY = "1,2";
			};
			name = Release;
		};
/* End XCBuildConfiguration section */

/* Begin XCConfigurationList section */
		4574409B23BDD522006F59D0 /* Build configuration list for PBXProject "FlutterMixDemo" */ = {
			isa = XCConfigurationList;
			buildConfigurations = (
				457440B723BDD526006F59D0 /* Debug */,
				457440B823BDD526006F59D0 /* Release */,
			);
			defaultConfigurationIsVisible = 0;
			defaultConfigurationName = Release;
		};
		457440B923BDD526006F59D0 /* Build configuration list for PBXNativeTarget "FlutterMixDemo" */ = {
			isa = XCConfigurationList;
			buildConfigurations = (
				457440BA23BDD526006F59D0 /* Debug */,
				457440BB23BDD526006F59D0 /* Release */,
			);
			defaultConfigurationIsVisible = 0;
			defaultConfigurationName = Release;
		};
/* End XCConfigurationList section */
	};
	rootObject = 4574409823BDD522006F59D0 /* Project object */;
}
